// !$*UTF8*$!
{
	archiveVersion = 1;
	classes = {
	};
	objectVersion = 56;
	objects = {

/* Begin PBXBuildFile section */
		A1000001200000010000000A /* PullReadTrayApp.swift in Sources */ = {isa = PBXBuildFile; fileRef = A1000001100000010000000A /* PullReadTrayApp.swift */; };
		A1000002200000010000000A /* AppDelegate.swift in Sources */ = {isa = PBXBuildFile; fileRef = A1000002100000010000000A /* AppDelegate.swift */; };
		A1000003200000010000000A /* SyncService.swift in Sources */ = {isa = PBXBuildFile; fileRef = A1000003100000010000000A /* SyncService.swift */; };
		A1000004200000010000000A /* Assets.xcassets in Resources */ = {isa = PBXBuildFile; fileRef = A1000004100000010000000A /* Assets.xcassets */; };
		A1000005200000010000000A /* SettingsView.swift in Sources */ = {isa = PBXBuildFile; fileRef = A1000005100000010000000B /* SettingsView.swift */; };
		A1000006200000010000000A /* SettingsWindowController.swift in Sources */ = {isa = PBXBuildFile; fileRef = A1000006100000010000000B /* SettingsWindowController.swift */; };
		A1000007200000010000000B /* WhatsNewView.swift in Sources */ = {isa = PBXBuildFile; fileRef = A1000007100000010000000B /* WhatsNewView.swift */; };
		A1000008200000010000000B /* OnboardingView.swift in Sources */ = {isa = PBXBuildFile; fileRef = A1000008100000010000000B /* OnboardingView.swift */; };
		A1000009200000010000000B /* ArticleViewerWindowController.swift in Sources */ = {isa = PBXBuildFile; fileRef = A1000009100000010000000B /* ArticleViewerWindowController.swift */; };
		B1000001200000010000000A /* SyncServiceTests.swift in Sources */ = {isa = PBXBuildFile; fileRef = B1000001100000010000000A /* SyncServiceTests.swift */; };
		B1000002200000010000000A /* AppDelegateTests.swift in Sources */ = {isa = PBXBuildFile; fileRef = B1000002100000010000000A /* AppDelegateTests.swift */; };
		C1000001200000010000000A /* PullReadTrayUITests.swift in Sources */ = {isa = PBXBuildFile; fileRef = C1000001100000010000000A /* PullReadTrayUITests.swift */; };
		C1000002200000010000000A /* PullReadTrayUITestsLaunchTests.swift in Sources */ = {isa = PBXBuildFile; fileRef = C1000002100000010000000A /* PullReadTrayUITestsLaunchTests.swift */; };
		D1000001200000010000000A /* Sparkle in Frameworks */ = {isa = PBXBuildFile; productRef = D1000003100000010000000A /* Sparkle */; };
/* End PBXBuildFile section */

/* Begin PBXContainerItemProxy section */
		B1000003300000010000000A /* PBXContainerItemProxy */ = {
			isa = PBXContainerItemProxy;
			containerPortal = A1000010700000010000000A /* Project object */;
			proxyType = 1;
			remoteGlobalIDString = A100000C500000010000000A;
			remoteInfo = PullReadTray;
		};
		C1000003300000010000000A /* PBXContainerItemProxy */ = {
			isa = PBXContainerItemProxy;
			containerPortal = A1000010700000010000000A /* Project object */;
			proxyType = 1;
			remoteGlobalIDString = A100000C500000010000000A;
			remoteInfo = PullReadTray;
		};
/* End PBXContainerItemProxy section */

/* Begin PBXFileReference section */
		A1000001100000010000000A /* PullReadTrayApp.swift */ = {isa = PBXFileReference; lastKnownFileType = sourcecode.swift; path = PullReadTrayApp.swift; sourceTree = "<group>"; };
		A1000002100000010000000A /* AppDelegate.swift */ = {isa = PBXFileReference; lastKnownFileType = sourcecode.swift; path = AppDelegate.swift; sourceTree = "<group>"; };
		A1000003100000010000000A /* SyncService.swift */ = {isa = PBXFileReference; lastKnownFileType = sourcecode.swift; path = SyncService.swift; sourceTree = "<group>"; };
		A1000004100000010000000A /* Assets.xcassets */ = {isa = PBXFileReference; lastKnownFileType = folder.assetcatalog; path = Assets.xcassets; sourceTree = "<group>"; };
		A1000005100000010000000A /* Info.plist */ = {isa = PBXFileReference; lastKnownFileType = text.plist.xml; path = Info.plist; sourceTree = "<group>"; };
		A1000005100000010000000B /* SettingsView.swift */ = {isa = PBXFileReference; lastKnownFileType = sourcecode.swift; path = SettingsView.swift; sourceTree = "<group>"; };
		A1000006100000010000000A /* PullReadTray.entitlements */ = {isa = PBXFileReference; lastKnownFileType = text.plist.entitlements; path = PullReadTray.entitlements; sourceTree = "<group>"; };
		A1000006100000010000000B /* SettingsWindowController.swift */ = {isa = PBXFileReference; lastKnownFileType = sourcecode.swift; path = SettingsWindowController.swift; sourceTree = "<group>"; };
		A1000007100000010000000B /* WhatsNewView.swift */ = {isa = PBXFileReference; lastKnownFileType = sourcecode.swift; path = WhatsNewView.swift; sourceTree = "<group>"; };
		A1000008100000010000000B /* OnboardingView.swift */ = {isa = PBXFileReference; lastKnownFileType = sourcecode.swift; path = OnboardingView.swift; sourceTree = "<group>"; };
		A1000009100000010000000B /* ArticleViewerWindowController.swift */ = {isa = PBXFileReference; lastKnownFileType = sourcecode.swift; path = ArticleViewerWindowController.swift; sourceTree = "<group>"; };
		A1000007100000010000000A /* Pull Read.app */ = {isa = PBXFileReference; explicitFileType = wrapper.application; includeInIndex = 0; path = "Pull Read.app"; sourceTree = BUILT_PRODUCTS_DIR; };
		B1000001100000010000000A /* SyncServiceTests.swift */ = {isa = PBXFileReference; lastKnownFileType = sourcecode.swift; path = SyncServiceTests.swift; sourceTree = "<group>"; };
		B1000002100000010000000A /* AppDelegateTests.swift */ = {isa = PBXFileReference; lastKnownFileType = sourcecode.swift; path = AppDelegateTests.swift; sourceTree = "<group>"; };
		B1000004100000010000000A /* PullReadTrayTests.xctest */ = {isa = PBXFileReference; explicitFileType = wrapper.cfbundle; includeInIndex = 0; path = PullReadTrayTests.xctest; sourceTree = BUILT_PRODUCTS_DIR; };
		C1000001100000010000000A /* PullReadTrayUITests.swift */ = {isa = PBXFileReference; lastKnownFileType = sourcecode.swift; path = PullReadTrayUITests.swift; sourceTree = "<group>"; };
		C1000002100000010000000A /* PullReadTrayUITestsLaunchTests.swift */ = {isa = PBXFileReference; lastKnownFileType = sourcecode.swift; path = PullReadTrayUITestsLaunchTests.swift; sourceTree = "<group>"; };
		C1000004100000010000000A /* PullReadTrayUITests.xctest */ = {isa = PBXFileReference; explicitFileType = wrapper.cfbundle; includeInIndex = 0; path = PullReadTrayUITests.xctest; sourceTree = BUILT_PRODUCTS_DIR; };
/* End PBXFileReference section */

/* Begin PBXFrameworksBuildPhase section */
		A1000008300000010000000A /* Frameworks */ = {
			isa = PBXFrameworksBuildPhase;
			buildActionMask = 2147483647;
			files = (
				D1000001200000010000000A /* Sparkle in Frameworks */,
			);
			runOnlyForDeploymentPostprocessing = 0;
		};
		B1000005300000010000000A /* Frameworks */ = {
			isa = PBXFrameworksBuildPhase;
			buildActionMask = 2147483647;
			files = (
			);
			runOnlyForDeploymentPostprocessing = 0;
		};
		C1000005300000010000000A /* Frameworks */ = {
			isa = PBXFrameworksBuildPhase;
			buildActionMask = 2147483647;
			files = (
			);
			runOnlyForDeploymentPostprocessing = 0;
		};
/* End PBXFrameworksBuildPhase section */

/* Begin PBXGroup section */
		A1000009400000010000000A = {
			isa = PBXGroup;
			children = (
				A100000A400000010000000A /* PullReadTray */,
				B1000006400000010000000A /* PullReadTrayTests */,
				C1000006400000010000000A /* PullReadTrayUITests */,
				A100000B400000010000000A /* Products */,
			);
			sourceTree = "<group>";
		};
		A100000A400000010000000A /* PullReadTray */ = {
			isa = PBXGroup;
			children = (
				A1000001100000010000000A /* PullReadTrayApp.swift */,
				A1000002100000010000000A /* AppDelegate.swift */,
				A1000003100000010000000A /* SyncService.swift */,
				A1000005100000010000000B /* SettingsView.swift */,
				A1000006100000010000000B /* SettingsWindowController.swift */,
				A1000007100000010000000B /* WhatsNewView.swift */,
				A1000008100000010000000B /* OnboardingView.swift */,
				A1000009100000010000000B /* ArticleViewerWindowController.swift */,
				A1000004100000010000000A /* Assets.xcassets */,
				A1000005100000010000000A /* Info.plist */,
				A1000006100000010000000A /* PullReadTray.entitlements */,
			);
			path = PullReadTray;
			sourceTree = "<group>";
		};
		A100000B400000010000000A /* Products */ = {
			isa = PBXGroup;
			children = (
				A1000007100000010000000A /* Pull Read.app */,
				B1000004100000010000000A /* PullReadTrayTests.xctest */,
				C1000004100000010000000A /* PullReadTrayUITests.xctest */,
			);
			name = Products;
			sourceTree = "<group>";
		};
		B1000006400000010000000A /* PullReadTrayTests */ = {
			isa = PBXGroup;
			children = (
				B1000001100000010000000A /* SyncServiceTests.swift */,
				B1000002100000010000000A /* AppDelegateTests.swift */,
			);
			path = PullReadTrayTests;
			sourceTree = "<group>";
		};
		C1000006400000010000000A /* PullReadTrayUITests */ = {
			isa = PBXGroup;
			children = (
				C1000001100000010000000A /* PullReadTrayUITests.swift */,
				C1000002100000010000000A /* PullReadTrayUITestsLaunchTests.swift */,
			);
			path = PullReadTrayUITests;
			sourceTree = "<group>";
		};
/* End PBXGroup section */

/* Begin PBXNativeTarget section */
		A100000C500000010000000A /* PullReadTray */ = {
			isa = PBXNativeTarget;
			buildConfigurationList = A100000D600000010000000A /* Build configuration list for PBXNativeTarget "PullReadTray" */;
			buildPhases = (
				A100000E300000010000000A /* Sources */,
				A1000008300000010000000A /* Frameworks */,
				A100000F300000010000000A /* Resources */,
			);
			buildRules = (
			);
			dependencies = (
			);
			name = PullReadTray;
			packageProductDependencies = (
				D1000003100000010000000A /* Sparkle */,
			);
			productName = PullReadTray;
			productReference = A1000007100000010000000A /* Pull Read.app */;
			productType = "com.apple.product-type.application";
		};
		B1000007500000010000000A /* PullReadTrayTests */ = {
			isa = PBXNativeTarget;
			buildConfigurationList = B1000008600000010000000A /* Build configuration list for PBXNativeTarget "PullReadTrayTests" */;
			buildPhases = (
				B1000009300000010000000A /* Sources */,
				B1000005300000010000000A /* Frameworks */,
				B100000A300000010000000A /* Resources */,
			);
			buildRules = (
			);
			dependencies = (
				B100000B400000010000000A /* PBXTargetDependency */,
			);
			name = PullReadTrayTests;
			productName = PullReadTrayTests;
			productReference = B1000004100000010000000A /* PullReadTrayTests.xctest */;
			productType = "com.apple.product-type.bundle.unit-test";
		};
		C1000007500000010000000A /* PullReadTrayUITests */ = {
			isa = PBXNativeTarget;
			buildConfigurationList = C1000008600000010000000A /* Build configuration list for PBXNativeTarget "PullReadTrayUITests" */;
			buildPhases = (
				C1000009300000010000000A /* Sources */,
				C1000005300000010000000A /* Frameworks */,
				C100000A300000010000000A /* Resources */,
			);
			buildRules = (
			);
			dependencies = (
				C100000B400000010000000A /* PBXTargetDependency */,
			);
			name = PullReadTrayUITests;
			productName = PullReadTrayUITests;
			productReference = C1000004100000010000000A /* PullReadTrayUITests.xctest */;
			productType = "com.apple.product-type.bundle.ui-testing";
		};
/* End PBXNativeTarget section */

/* Begin PBXProject section */
		A1000010700000010000000A /* Project object */ = {
			isa = PBXProject;
			attributes = {
				BuildIndependentTargetsInParallel = 1;
				LastSwiftUpdateCheck = 1500;
				LastUpgradeCheck = 1500;
				TargetAttributes = {
					A100000C500000010000000A = {
						CreatedOnToolsVersion = 15.0;
					};
					B1000007500000010000000A = {
						CreatedOnToolsVersion = 15.0;
						TestTargetID = A100000C500000010000000A;
					};
					C1000007500000010000000A = {
						CreatedOnToolsVersion = 15.0;
						TestTargetID = A100000C500000010000000A;
					};
				};
			};
			buildConfigurationList = A1000011600000010000000A /* Build configuration list for PBXProject "PullReadTray" */;
			compatibilityVersion = "Xcode 14.0";
			developmentRegion = en;
			hasScannedForEncodings = 0;
			knownRegions = (
				en,
				Base,
			);
			mainGroup = A1000009400000010000000A;
			packageReferences = (
				D1000002100000010000000A /* XCRemoteSwiftPackageReference "Sparkle" */,
			);
			productRefGroup = A100000B400000010000000A /* Products */;
			projectDirPath = "";
			projectRoot = "";
			targets = (
				A100000C500000010000000A /* PullReadTray */,
				B1000007500000010000000A /* PullReadTrayTests */,
				C1000007500000010000000A /* PullReadTrayUITests */,
			);
		};
/* End PBXProject section */

/* Begin PBXResourcesBuildPhase section */
		A100000F300000010000000A /* Resources */ = {
			isa = PBXResourcesBuildPhase;
			buildActionMask = 2147483647;
			files = (
				A1000004200000010000000A /* Assets.xcassets in Resources */,
			);
			runOnlyForDeploymentPostprocessing = 0;
		};
		B100000A300000010000000A /* Resources */ = {
			isa = PBXResourcesBuildPhase;
			buildActionMask = 2147483647;
			files = (
			);
			runOnlyForDeploymentPostprocessing = 0;
		};
		C100000A300000010000000A /* Resources */ = {
			isa = PBXResourcesBuildPhase;
			buildActionMask = 2147483647;
			files = (
			);
			runOnlyForDeploymentPostprocessing = 0;
		};
/* End PBXResourcesBuildPhase section */

/* Begin PBXSourcesBuildPhase section */
		A100000E300000010000000A /* Sources */ = {
			isa = PBXSourcesBuildPhase;
			buildActionMask = 2147483647;
			files = (
				A1000001200000010000000A /* PullReadTrayApp.swift in Sources */,
				A1000002200000010000000A /* AppDelegate.swift in Sources */,
				A1000003200000010000000A /* SyncService.swift in Sources */,
				A1000005200000010000000A /* SettingsView.swift in Sources */,
				A1000006200000010000000A /* SettingsWindowController.swift in Sources */,
				A1000007200000010000000B /* WhatsNewView.swift in Sources */,
				A1000008200000010000000B /* OnboardingView.swift in Sources */,
				A1000009200000010000000B /* ArticleViewerWindowController.swift in Sources */,
			);
			runOnlyForDeploymentPostprocessing = 0;
		};
		B1000009300000010000000A /* Sources */ = {
			isa = PBXSourcesBuildPhase;
			buildActionMask = 2147483647;
			files = (
				B1000001200000010000000A /* SyncServiceTests.swift in Sources */,
				B1000002200000010000000A /* AppDelegateTests.swift in Sources */,
			);
			runOnlyForDeploymentPostprocessing = 0;
		};
		C1000009300000010000000A /* Sources */ = {
			isa = PBXSourcesBuildPhase;
			buildActionMask = 2147483647;
			files = (
				C1000001200000010000000A /* PullReadTrayUITests.swift in Sources */,
				C1000002200000010000000A /* PullReadTrayUITestsLaunchTests.swift in Sources */,
			);
			runOnlyForDeploymentPostprocessing = 0;
		};
/* End PBXSourcesBuildPhase section */

/* Begin PBXTargetDependency section */
		B100000B400000010000000A /* PBXTargetDependency */ = {
			isa = PBXTargetDependency;
			target = A100000C500000010000000A /* PullReadTray */;
			targetProxy = B1000003300000010000000A /* PBXContainerItemProxy */;
		};
		C100000B400000010000000A /* PBXTargetDependency */ = {
			isa = PBXTargetDependency;
			target = A100000C500000010000000A /* PullReadTray */;
			targetProxy = C1000003300000010000000A /* PBXContainerItemProxy */;
		};
/* End PBXTargetDependency section */

/* Begin XCBuildConfiguration section */
		A1000012800000010000000A /* Debug */ = {
			isa = XCBuildConfiguration;
			buildSettings = {
				ALWAYS_SEARCH_USER_PATHS = NO;
				ASSETCATALOG_COMPILER_GENERATE_SWIFT_ASSET_SYMBOL_EXTENSIONS = YES;
				CLANG_ANALYZER_NONNULL = YES;
				CLANG_ANALYZER_NUMBER_OBJECT_CONVERSION = YES_AGGRESSIVE;
				CLANG_CXX_LANGUAGE_STANDARD = "gnu++20";
				CLANG_ENABLE_MODULES = YES;
				CLANG_ENABLE_OBJC_ARC = YES;
				CLANG_ENABLE_OBJC_WEAK = YES;
				CLANG_WARN_BLOCK_CAPTURE_AUTORELEASING = YES;
				CLANG_WARN_BOOL_CONVERSION = YES;
				CLANG_WARN_COMMA = YES;
				CLANG_WARN_CONSTANT_CONVERSION = YES;
				CLANG_WARN_DEPRECATED_OBJC_IMPLEMENTATIONS = YES;
				CLANG_WARN_DIRECT_OBJC_ISA_USAGE = YES_ERROR;
				CLANG_WARN_DOCUMENTATION_COMMENTS = YES;
				CLANG_WARN_EMPTY_BODY = YES;
				CLANG_WARN_ENUM_CONVERSION = YES;
				CLANG_WARN_INFINITE_RECURSION = YES;
				CLANG_WARN_INT_CONVERSION = YES;
				CLANG_WARN_NON_LITERAL_NULL_CONVERSION = YES;
				CLANG_WARN_OBJC_IMPLICIT_RETAIN_SELF = YES;
				CLANG_WARN_OBJC_LITERAL_CONVERSION = YES;
				CLANG_WARN_OBJC_ROOT_CLASS = YES_ERROR;
				CLANG_WARN_QUOTED_INCLUDE_IN_FRAMEWORK_HEADER = YES;
				CLANG_WARN_RANGE_LOOP_ANALYSIS = YES;
				CLANG_WARN_STRICT_PROTOTYPES = YES;
				CLANG_WARN_SUSPICIOUS_MOVE = YES;
				CLANG_WARN_UNGUARDED_AVAILABILITY = YES_AGGRESSIVE;
				CLANG_WARN_UNREACHABLE_CODE = YES;
				CLANG_WARN__DUPLICATE_METHOD_MATCH = YES;
				COPY_PHASE_STRIP = NO;
				DEBUG_INFORMATION_FORMAT = dwarf;
				ENABLE_STRICT_OBJC_MSGSEND = YES;
				ENABLE_TESTABILITY = YES;
				ENABLE_USER_SCRIPT_SANDBOXING = YES;
				GCC_C_LANGUAGE_STANDARD = gnu17;
				GCC_DYNAMIC_NO_PIC = NO;
				GCC_NO_COMMON_BLOCKS = YES;
				GCC_OPTIMIZATION_LEVEL = 0;
				GCC_PREPROCESSOR_DEFINITIONS = (
					"DEBUG=1",
					"$(inherited)",
				);
				GCC_WARN_64_TO_32_BIT_CONVERSION = YES;
				GCC_WARN_ABOUT_RETURN_TYPE = YES_ERROR;
				GCC_WARN_UNDECLARED_SELECTOR = YES;
				GCC_WARN_UNINITIALIZED_AUTOS = YES_AGGRESSIVE;
				GCC_WARN_UNUSED_FUNCTION = YES;
				GCC_WARN_UNUSED_VARIABLE = YES;
				MACOSX_DEPLOYMENT_TARGET = 14.0;
				MTL_ENABLE_DEBUG_INFO = INCLUDE_SOURCE;
				MTL_FAST_MATH = YES;
				ONLY_ACTIVE_ARCH = YES;
				SDKROOT = macosx;
				SWIFT_ACTIVE_COMPILATION_CONDITIONS = "DEBUG $(inherited)";
				SWIFT_OPTIMIZATION_LEVEL = "-Onone";
			};
			name = Debug;
		};
		A1000013800000010000000A /* Release */ = {
			isa = XCBuildConfiguration;
			buildSettings = {
				ALWAYS_SEARCH_USER_PATHS = NO;
				ASSETCATALOG_COMPILER_GENERATE_SWIFT_ASSET_SYMBOL_EXTENSIONS = YES;
				CLANG_ANALYZER_NONNULL = YES;
				CLANG_ANALYZER_NUMBER_OBJECT_CONVERSION = YES_AGGRESSIVE;
				CLANG_CXX_LANGUAGE_STANDARD = "gnu++20";
				CLANG_ENABLE_MODULES = YES;
				CLANG_ENABLE_OBJC_ARC = YES;
				CLANG_ENABLE_OBJC_WEAK = YES;
				CLANG_WARN_BLOCK_CAPTURE_AUTORELEASING = YES;
				CLANG_WARN_BOOL_CONVERSION = YES;
				CLANG_WARN_COMMA = YES;
				CLANG_WARN_CONSTANT_CONVERSION = YES;
				CLANG_WARN_DEPRECATED_OBJC_IMPLEMENTATIONS = YES;
				CLANG_WARN_DIRECT_OBJC_ISA_USAGE = YES_ERROR;
				CLANG_WARN_DOCUMENTATION_COMMENTS = YES;
				CLANG_WARN_EMPTY_BODY = YES;
				CLANG_WARN_ENUM_CONVERSION = YES;
				CLANG_WARN_INFINITE_RECURSION = YES;
				CLANG_WARN_INT_CONVERSION = YES;
				CLANG_WARN_NON_LITERAL_NULL_CONVERSION = YES;
				CLANG_WARN_OBJC_IMPLICIT_RETAIN_SELF = YES;
				CLANG_WARN_OBJC_LITERAL_CONVERSION = YES;
				CLANG_WARN_OBJC_ROOT_CLASS = YES_ERROR;
				CLANG_WARN_QUOTED_INCLUDE_IN_FRAMEWORK_HEADER = YES;
				CLANG_WARN_RANGE_LOOP_ANALYSIS = YES;
				CLANG_WARN_STRICT_PROTOTYPES = YES;
				CLANG_WARN_SUSPICIOUS_MOVE = YES;
				CLANG_WARN_UNGUARDED_AVAILABILITY = YES_AGGRESSIVE;
				CLANG_WARN_UNREACHABLE_CODE = YES;
				CLANG_WARN__DUPLICATE_METHOD_MATCH = YES;
				COPY_PHASE_STRIP = NO;
				DEBUG_INFORMATION_FORMAT = "dwarf-with-dsym";
				ENABLE_NS_ASSERTIONS = NO;
				ENABLE_STRICT_OBJC_MSGSEND = YES;
				ENABLE_USER_SCRIPT_SANDBOXING = YES;
				GCC_C_LANGUAGE_STANDARD = gnu17;
				GCC_NO_COMMON_BLOCKS = YES;
				GCC_WARN_64_TO_32_BIT_CONVERSION = YES;
				GCC_WARN_ABOUT_RETURN_TYPE = YES_ERROR;
				GCC_WARN_UNDECLARED_SELECTOR = YES;
				GCC_WARN_UNINITIALIZED_AUTOS = YES_AGGRESSIVE;
				GCC_WARN_UNUSED_FUNCTION = YES;
				GCC_WARN_UNUSED_VARIABLE = YES;
				MACOSX_DEPLOYMENT_TARGET = 14.0;
				MTL_ENABLE_DEBUG_INFO = NO;
				MTL_FAST_MATH = YES;
				SDKROOT = macosx;
				SWIFT_COMPILATION_MODE = wholemodule;
			};
			name = Release;
		};
		A1000014800000010000000A /* Debug */ = {
			isa = XCBuildConfiguration;
			buildSettings = {
				ASSETCATALOG_COMPILER_APPICON_NAME = AppIcon;
				ASSETCATALOG_COMPILER_GLOBAL_ACCENT_COLOR_NAME = AccentColor;
				CODE_SIGN_ENTITLEMENTS = PullReadTray/PullReadTray.entitlements;
				CODE_SIGN_STYLE = Automatic;
				COMBINE_HIDPI_IMAGES = YES;
				CURRENT_PROJECT_VERSION = 1;
				DEVELOPMENT_TEAM = "";
				ENABLE_HARDENED_RUNTIME = YES;
				GENERATE_INFOPLIST_FILE = YES;
				INFOPLIST_FILE = PullReadTray/Info.plist;
				INFOPLIST_KEY_CFBundleDisplayName = "Pull Read";
				INFOPLIST_KEY_LSApplicationCategoryType = "public.app-category.utilities";
				INFOPLIST_KEY_NSHumanReadableCopyright = "Copyright 2026. All rights reserved.";
				LD_RUNPATH_SEARCH_PATHS = (
					"$(inherited)",
					"@executable_path/../Frameworks",
				);
				MARKETING_VERSION = 1.0;
				PRODUCT_BUNDLE_IDENTIFIER = com.pullread.tray;
				PRODUCT_MODULE_NAME = PullReadTray;
				PRODUCT_NAME = "Pull Read";
				SWIFT_EMIT_LOC_STRINGS = YES;
				SWIFT_VERSION = 5.0;
			};
			name = Debug;
		};
		A1000015800000010000000A /* Release */ = {
			isa = XCBuildConfiguration;
			buildSettings = {
				ASSETCATALOG_COMPILER_APPICON_NAME = AppIcon;
				ASSETCATALOG_COMPILER_GLOBAL_ACCENT_COLOR_NAME = AccentColor;
				CODE_SIGN_ENTITLEMENTS = PullReadTray/PullReadTray.entitlements;
				CODE_SIGN_STYLE = Automatic;
				COMBINE_HIDPI_IMAGES = YES;
				CURRENT_PROJECT_VERSION = 1;
				DEVELOPMENT_TEAM = "";
				ENABLE_HARDENED_RUNTIME = YES;
				GENERATE_INFOPLIST_FILE = YES;
				INFOPLIST_FILE = PullReadTray/Info.plist;
				INFOPLIST_KEY_CFBundleDisplayName = "Pull Read";
				INFOPLIST_KEY_LSApplicationCategoryType = "public.app-category.utilities";
				INFOPLIST_KEY_NSHumanReadableCopyright = "Copyright 2026. All rights reserved.";
				LD_RUNPATH_SEARCH_PATHS = (
					"$(inherited)",
					"@executable_path/../Frameworks",
				);
				MARKETING_VERSION = 1.0;
				PRODUCT_BUNDLE_IDENTIFIER = com.pullread.tray;
				PRODUCT_MODULE_NAME = PullReadTray;
				PRODUCT_NAME = "Pull Read";
				SWIFT_EMIT_LOC_STRINGS = YES;
				SWIFT_VERSION = 5.0;
			};
			name = Release;
		};
		B100000C800000010000000A /* Debug */ = {
			isa = XCBuildConfiguration;
			buildSettings = {
				BUNDLE_LOADER = "$(TEST_HOST)";
				CODE_SIGN_STYLE = Automatic;
				CURRENT_PROJECT_VERSION = 1;
				DEVELOPMENT_TEAM = "";
				GENERATE_INFOPLIST_FILE = YES;
				MACOSX_DEPLOYMENT_TARGET = 14.0;
				MARKETING_VERSION = 1.0;
				PRODUCT_BUNDLE_IDENTIFIER = com.pullread.tray.tests;
				PRODUCT_NAME = "$(TARGET_NAME)";
				SWIFT_EMIT_LOC_STRINGS = NO;
				SWIFT_VERSION = 5.0;
				TEST_HOST = "$(BUILT_PRODUCTS_DIR)/Pull Read.app/$(BUNDLE_EXECUTABLE_FOLDER_PATH)/Pull Read";
			};
			name = Debug;
		};
		B100000D800000010000000A /* Release */ = {
			isa = XCBuildConfiguration;
			buildSettings = {
				BUNDLE_LOADER = "$(TEST_HOST)";
				CODE_SIGN_STYLE = Automatic;
				CURRENT_PROJECT_VERSION = 1;
				DEVELOPMENT_TEAM = "";
				GENERATE_INFOPLIST_FILE = YES;
				MACOSX_DEPLOYMENT_TARGET = 14.0;
				MARKETING_VERSION = 1.0;
				PRODUCT_BUNDLE_IDENTIFIER = com.pullread.tray.tests;
				PRODUCT_NAME = "$(TARGET_NAME)";
				SWIFT_EMIT_LOC_STRINGS = NO;
				SWIFT_VERSION = 5.0;
				TEST_HOST = "$(BUILT_PRODUCTS_DIR)/Pull Read.app/$(BUNDLE_EXECUTABLE_FOLDER_PATH)/Pull Read";
			};
			name = Release;
		};
		C100000C800000010000000A /* Debug */ = {
			isa = XCBuildConfiguration;
			buildSettings = {
				CODE_SIGN_STYLE = Automatic;
				CURRENT_PROJECT_VERSION = 1;
				DEVELOPMENT_TEAM = "";
				GENERATE_INFOPLIST_FILE = YES;
				MACOSX_DEPLOYMENT_TARGET = 14.0;
				MARKETING_VERSION = 1.0;
				PRODUCT_BUNDLE_IDENTIFIER = com.pullread.tray.uitests;
				PRODUCT_NAME = "$(TARGET_NAME)";
				SWIFT_EMIT_LOC_STRINGS = NO;
				SWIFT_VERSION = 5.0;
				TEST_TARGET_NAME = PullReadTray;
			};
			name = Debug;
		};
		C100000D800000010000000A /* Release */ = {
			isa = XCBuildConfiguration;
			buildSettings = {
				CODE_SIGN_STYLE = Automatic;
				CURRENT_PROJECT_VERSION = 1;
				DEVELOPMENT_TEAM = "";
				GENERATE_INFOPLIST_FILE = YES;
				MACOSX_DEPLOYMENT_TARGET = 14.0;
				MARKETING_VERSION = 1.0;
				PRODUCT_BUNDLE_IDENTIFIER = com.pullread.tray.uitests;
				PRODUCT_NAME = "$(TARGET_NAME)";
				SWIFT_EMIT_LOC_STRINGS = NO;
				SWIFT_VERSION = 5.0;
				TEST_TARGET_NAME = PullReadTray;
			};
			name = Release;
		};
/* End XCBuildConfiguration section */

/* Begin XCConfigurationList section */
		A100000D600000010000000A /* Build configuration list for PBXNativeTarget "PullReadTray" */ = {
			isa = XCConfigurationList;
			buildConfigurations = (
				A1000014800000010000000A /* Debug */,
				A1000015800000010000000A /* Release */,
			);
			defaultConfigurationIsVisible = 0;
			defaultConfigurationName = Release;
		};
		A1000011600000010000000A /* Build configuration list for PBXProject "PullReadTray" */ = {
			isa = XCConfigurationList;
			buildConfigurations = (
				A1000012800000010000000A /* Debug */,
				A1000013800000010000000A /* Release */,
			);
			defaultConfigurationIsVisible = 0;
			defaultConfigurationName = Release;
		};
		B1000008600000010000000A /* Build configuration list for PBXNativeTarget "PullReadTrayTests" */ = {
			isa = XCConfigurationList;
			buildConfigurations = (
				B100000C800000010000000A /* Debug */,
				B100000D800000010000000A /* Release */,
			);
			defaultConfigurationIsVisible = 0;
			defaultConfigurationName = Release;
		};
		C1000008600000010000000A /* Build configuration list for PBXNativeTarget "PullReadTrayUITests" */ = {
			isa = XCConfigurationList;
			buildConfigurations = (
				C100000C800000010000000A /* Debug */,
				C100000D800000010000000A /* Release */,
			);
			defaultConfigurationIsVisible = 0;
			defaultConfigurationName = Release;
		};
/* End XCConfigurationList section */

/* Begin XCRemoteSwiftPackageReference section */
		D1000002100000010000000A /* XCRemoteSwiftPackageReference "Sparkle" */ = {
			isa = XCRemoteSwiftPackageReference;
			repositoryURL = "https://github.com/sparkle-project/Sparkle";
			requirement = {
				kind = upToNextMajorVersion;
				minimumVersion = 2.0.0;
			};
		};
/* End XCRemoteSwiftPackageReference section */

/* Begin XCSwiftPackageProductDependency section */
		D1000003100000010000000A /* Sparkle */ = {
			isa = XCSwiftPackageProductDependency;
			package = D1000002100000010000000A /* XCRemoteSwiftPackageReference "Sparkle" */;
			productName = Sparkle;
		};
/* End XCSwiftPackageProductDependency section */

	};
	rootObject = A1000010700000010000000A /* Project object */;
}
